// !$*UTF8*$!
{
	archiveVersion = 1;
	classes = {
	};
	objectVersion = 46;
	objects = {

/* Begin PBXBuildFile section */
		85ED15CD1B0149E600B71033 /* main.m in Sources */ = {isa = PBXBuildFile; fileRef = 85ED15CC1B0149E600B71033 /* main.m */; };
		85ED15D01B0149E600B71033 /* AppDelegate.m in Sources */ = {isa = PBXBuildFile; fileRef = 85ED15CF1B0149E600B71033 /* AppDelegate.m */; };
		85ED15D31B0149E600B71033 /* ViewController.m in Sources */ = {isa = PBXBuildFile; fileRef = 85ED15D21B0149E600B71033 /* ViewController.m */; };
		85ED15D61B0149E600B71033 /* Main.storyboard in Resources */ = {isa = PBXBuildFile; fileRef = 85ED15D41B0149E600B71033 /* Main.storyboard */; };
		85ED15D81B0149E600B71033 /* Images.xcassets in Resources */ = {isa = PBXBuildFile; fileRef = 85ED15D71B0149E600B71033 /* Images.xcassets */; };
		85ED15DB1B0149E600B71033 /* LaunchScreen.xib in Resources */ = {isa = PBXBuildFile; fileRef = 85ED15D91B0149E600B71033 /* LaunchScreen.xib */; };
		85ED15E71B0149E600B71033 /* RPNCalcTests.m in Sources */ = {isa = PBXBuildFile; fileRef = 85ED15E61B0149E600B71033 /* RPNCalcTests.m */; };
/* End PBXBuildFile section */

/* Begin PBXContainerItemProxy section */
		85ED15E11B0149E600B71033 /* PBXContainerItemProxy */ = {
			isa = PBXContainerItemProxy;
			containerPortal = 85ED15BF1B0149E600B71033 /* Project object */;
			proxyType = 1;
			remoteGlobalIDString = 85ED15C61B0149E600B71033;
			remoteInfo = RPNCalc;
		};
/* End PBXContainerItemProxy section */

/* Begin PBXFileReference section */
		85ED15C71B0149E600B71033 /* RPNCalc.app */ = {isa = PBXFileReference; explicitFileType = wrapper.application; includeInIndex = 0; path = RPNCalc.app; sourceTree = BUILT_PRODUCTS_DIR; };
		85ED15CB1B0149E600B71033 /* Info.plist */ = {isa = PBXFileReference; lastKnownFileType = text.plist.xml; path = Info.plist; sourceTree = "<group>"; };
		85ED15CC1B0149E600B71033 /* main.m */ = {isa = PBXFileReference; lastKnownFileType = sourcecode.c.objc; path = main.m; sourceTree = "<group>"; };
		85ED15CE1B0149E600B71033 /* AppDelegate.h */ = {isa = PBXFileReference; lastKnownFileType = sourcecode.c.h; path = AppDelegate.h; sourceTree = "<group>"; };
		85ED15CF1B0149E600B71033 /* AppDelegate.m */ = {isa = PBXFileReference; lastKnownFileType = sourcecode.c.objc; path = AppDelegate.m; sourceTree = "<group>"; };
		85ED15D11B0149E600B71033 /* ViewController.h */ = {isa = PBXFileReference; lastKnownFileType = sourcecode.c.h; path = ViewController.h; sourceTree = "<group>"; };
		85ED15D21B0149E600B71033 /* ViewController.m */ = {isa = PBXFileReference; lastKnownFileType = sourcecode.c.objc; path = ViewController.m; sourceTree = "<group>"; };
		85ED15D51B0149E600B71033 /* Base */ = {isa = PBXFileReference; lastKnownFileType = file.storyboard; name = Base; path = Base.lproj/Main.storyboard; sourceTree = "<group>"; };
		85ED15D71B0149E600B71033 /* Images.xcassets */ = {isa = PBXFileReference; lastKnownFileType = folder.assetcatalog; path = Images.xcassets; sourceTree = "<group>"; };
		85ED15DA1B0149E600B71033 /* Base */ = {isa = PBXFileReference; lastKnownFileType = file.xib; name = Base; path = Base.lproj/LaunchScreen.xib; sourceTree = "<group>"; };
		85ED15E01B0149E600B71033 /* RPNCalcTests.xctest */ = {isa = PBXFileReference; explicitFileType = wrapper.cfbundle; includeInIndex = 0; path = RPNCalcTests.xctest; sourceTree = BUILT_PRODUCTS_DIR; };
		85ED15E51B0149E600B71033 /* Info.plist */ = {isa = PBXFileReference; lastKnownFileType = text.plist.xml; path = Info.plist; sourceTree = "<group>"; };
		85ED15E61B0149E600B71033 /* RPNCalcTests.m */ = {isa = PBXFileReference; lastKnownFileType = sourcecode.c.objc; path = RPNCalcTests.m; sourceTree = "<group>"; };
/* End PBXFileReference section */

/* Begin PBXFrameworksBuildPhase section */
		85ED15C41B0149E600B71033 /* Frameworks */ = {
			isa = PBXFrameworksBuildPhase;
			buildActionMask = 2147483647;
			files = (
			);
			runOnlyForDeploymentPostprocessing = 0;
		};
		85ED15DD1B0149E600B71033 /* Frameworks */ = {
			isa = PBXFrameworksBuildPhase;
			buildActionMask = 2147483647;
			files = (
			);
			runOnlyForDeploymentPostprocessing = 0;
		};
/* End PBXFrameworksBuildPhase section */

/* Begin PBXGroup section */
		85ED15BE1B0149E600B71033 = {
			isa = PBXGroup;
			children = (
				85ED15C91B0149E600B71033 /* RPNCalc */,
				85ED15E31B0149E600B71033 /* RPNCalcTests */,
				85ED15C81B0149E600B71033 /* Products */,
			);
			sourceTree = "<group>";
		};
		85ED15C81B0149E600B71033 /* Products */ = {
			isa = PBXGroup;
			children = (
				85ED15C71B0149E600B71033 /* RPNCalc.app */,
				85ED15E01B0149E600B71033 /* RPNCalcTests.xctest */,
			);
			name = Products;
			sourceTree = "<group>";
		};
		85ED15C91B0149E600B71033 /* RPNCalc */ = {
			isa = PBXGroup;
			children = (
				85ED15CE1B0149E600B71033 /* AppDelegate.h */,
				85ED15CF1B0149E600B71033 /* AppDelegate.m */,
				85ED15D11B0149E600B71033 /* ViewController.h */,
				85ED15D21B0149E600B71033 /* ViewController.m */,
				85ED15D41B0149E600B71033 /* Main.storyboard */,
				85ED15D71B0149E600B71033 /* Images.xcassets */,
				85ED15D91B0149E600B71033 /* LaunchScreen.xib */,
				85ED15CA1B0149E600B71033 /* Supporting Files */,
			);
			path = RPNCalc;
			sourceTree = "<group>";
		};
		85ED15CA1B0149E600B71033 /* Supporting Files */ = {
			isa = PBXGroup;
			children = (
				85ED15CB1B0149E600B71033 /* Info.plist */,
				85ED15CC1B0149E600B71033 /* main.m */,
			);
			name = "Supporting Files";
			sourceTree = "<group>";
		};
		85ED15E31B0149E600B71033 /* RPNCalcTests */ = {
			isa = PBXGroup;
			children = (
				85ED15E61B0149E600B71033 /* RPNCalcTests.m */,
				85ED15E41B0149E600B71033 /* Supporting Files */,
			);
			path = RPNCalcTests;
			sourceTree = "<group>";
		};
		85ED15E41B0149E600B71033 /* Supporting Files */ = {
			isa = PBXGroup;
			children = (
				85ED15E51B0149E600B71033 /* Info.plist */,
			);
			name = "Supporting Files";
			sourceTree = "<group>";
		};
/* End PBXGroup section */

/* Begin PBXNativeTarget section */
		85ED15C61B0149E600B71033 /* RPNCalc */ = {
			isa = PBXNativeTarget;
			buildConfigurationList = 85ED15EA1B0149E600B71033 /* Build configuration list for PBXNativeTarget "RPNCalc" */;
			buildPhases = (
				85ED15C31B0149E600B71033 /* Sources */,
				85ED15C41B0149E600B71033 /* Frameworks */,
				85ED15C51B0149E600B71033 /* Resources */,
			);
			buildRules = (
			);
			dependencies = (
			);
			name = RPNCalc;
			productName = RPNCalc;
			productReference = 85ED15C71B0149E600B71033 /* RPNCalc.app */;
			productType = "com.apple.product-type.application";
		};
		85ED15DF1B0149E600B71033 /* RPNCalcTests */ = {
			isa = PBXNativeTarget;
			buildConfigurationList = 85ED15ED1B0149E600B71033 /* Build configuration list for PBXNativeTarget "RPNCalcTests" */;
			buildPhases = (
				85ED15DC1B0149E600B71033 /* Sources */,
				85ED15DD1B0149E600B71033 /* Frameworks */,
				85ED15DE1B0149E600B71033 /* Resources */,
			);
			buildRules = (
			);
			dependencies = (
				85ED15E21B0149E600B71033 /* PBXTargetDependency */,
			);
			name = RPNCalcTests;
			productName = RPNCalcTests;
			productReference = 85ED15E01B0149E600B71033 /* RPNCalcTests.xctest */;
			productType = "com.apple.product-type.bundle.unit-test";
		};
/* End PBXNativeTarget section */

/* Begin PBXProject section */
		85ED15BF1B0149E600B71033 /* Project object */ = {
			isa = PBXProject;
			attributes = {
				LastUpgradeCheck = 0630;
				ORGANIZATIONNAME = "Husein Kareem";
				TargetAttributes = {
					85ED15C61B0149E600B71033 = {
						CreatedOnToolsVersion = 6.3.1;
					};
					85ED15DF1B0149E600B71033 = {
						CreatedOnToolsVersion = 6.3.1;
						TestTargetID = 85ED15C61B0149E600B71033;
					};
				};
			};
			buildConfigurationList = 85ED15C21B0149E600B71033 /* Build configuration list for PBXProject "RPNCalc" */;
			compatibilityVersion = "Xcode 3.2";
			developmentRegion = English;
			hasScannedForEncodings = 0;
			knownRegions = (
				en,
				Base,
			);
			mainGroup = 85ED15BE1B0149E600B71033;
			productRefGroup = 85ED15C81B0149E600B71033 /* Products */;
			projectDirPath = "";
			projectRoot = "";
			targets = (
				85ED15C61B0149E600B71033 /* RPNCalc */,
				85ED15DF1B0149E600B71033 /* RPNCalcTests */,
			);
		};
/* End PBXProject section */

/* Begin PBXResourcesBuildPhase section */
		85ED15C51B0149E600B71033 /* Resources */ = {
			isa = PBXResourcesBuildPhase;
			buildActionMask = 2147483647;
			files = (
				85ED15D61B0149E600B71033 /* Main.storyboard in Resources */,
				85ED15DB1B0149E600B71033 /* LaunchScreen.xib in Resources */,
				85ED15D81B0149E600B71033 /* Images.xcassets in Resources */,
			);
			runOnlyForDeploymentPostprocessing = 0;
		};
		85ED15DE1B0149E600B71033 /* Resources */ = {
			isa = PBXResourcesBuildPhase;
			buildActionMask = 2147483647;
			files = (
			);
			runOnlyForDeploymentPostprocessing = 0;
		};
/* End PBXResourcesBuildPhase section */

/* Begin PBXSourcesBuildPhase section */
		85ED15C31B0149E600B71033 /* Sources */ = {
			isa = PBXSourcesBuildPhase;
			buildActionMask = 2147483647;
			files = (
				85ED15D31B0149E600B71033 /* ViewController.m in Sources */,
				85ED15D01B0149E600B71033 /* AppDelegate.m in Sources */,
				85ED15CD1B0149E600B71033 /* main.m in Sources */,
			);
			runOnlyForDeploymentPostprocessing = 0;
		};
		85ED15DC1B0149E600B71033 /* Sources */ = {
			isa = PBXSourcesBuildPhase;
			buildActionMask = 2147483647;
			files = (
				85ED15E71B0149E600B71033 /* RPNCalcTests.m in Sources */,
			);
			runOnlyForDeploymentPostprocessing = 0;
		};
/* End PBXSourcesBuildPhase section */

/* Begin PBXTargetDependency section */
		85ED15E21B0149E600B71033 /* PBXTargetDependency */ = {
			isa = PBXTargetDependency;
			target = 85ED15C61B0149E600B71033 /* RPNCalc */;
			targetProxy = 85ED15E11B0149E600B71033 /* PBXContainerItemProxy */;
		};
/* End PBXTargetDependency section */

/* Begin PBXVariantGroup section */
		85ED15D41B0149E600B71033 /* Main.storyboard */ = {
			isa = PBXVariantGroup;
			children = (
				85ED15D51B0149E600B71033 /* Base */,
			);
			name = Main.storyboard;
			sourceTree = "<group>";
		};
		85ED15D91B0149E600B71033 /* LaunchScreen.xib */ = {
			isa = PBXVariantGroup;
			children = (
				85ED15DA1B0149E600B71033 /* Base */,
			);
			name = LaunchScreen.xib;
			sourceTree = "<group>";
		};
/* End PBXVariantGroup section */

/* Begin XCBuildConfiguration section */
		85ED15E81B0149E600B71033 /* Debug */ = {
			isa = XCBuildConfiguration;
			buildSettings = {
				ALWAYS_SEARCH_USER_PATHS = NO;
				CLANG_CXX_LANGUAGE_STANDARD = "gnu++0x";
				CLANG_CXX_LIBRARY = "libc++";
				CLANG_ENABLE_MODULES = YES;
				CLANG_ENABLE_OBJC_ARC = YES;
				CLANG_WARN_BOOL_CONVERSION = YES;
				CLANG_WARN_CONSTANT_CONVERSION = YES;
				CLANG_WARN_DIRECT_OBJC_ISA_USAGE = YES_ERROR;
				CLANG_WARN_EMPTY_BODY = YES;
				CLANG_WARN_ENUM_CONVERSION = YES;
				CLANG_WARN_INT_CONVERSION = YES;
				CLANG_WARN_OBJC_ROOT_CLASS = YES_ERROR;
				CLANG_WARN_UNREACHABLE_CODE = YES;
				CLANG_WARN__DUPLICATE_METHOD_MATCH = YES;
				"CODE_SIGN_IDENTITY[sdk=iphoneos*]" = "iPhone Developer";
				COPY_PHASE_STRIP = NO;
				DEBUG_INFORMATION_FORMAT = "dwarf-with-dsym";
				ENABLE_STRICT_OBJC_MSGSEND = YES;
				GCC_C_LANGUAGE_STANDARD = gnu99;
				GCC_DYNAMIC_NO_PIC = NO;
				GCC_NO_COMMON_BLOCKS = YES;
				GCC_OPTIMIZATION_LEVEL = 0;
				GCC_PREPROCESSOR_DEFINITIONS = (
					"DEBUG=1",
					"$(inherited)",
				);
				GCC_SYMBOLS_PRIVATE_EXTERN = NO;
				GCC_WARN_64_TO_32_BIT_CONVERSION = YES;
				GCC_WARN_ABOUT_RETURN_TYPE = YES_ERROR;
				GCC_WARN_UNDECLARED_SELECTOR = YES;
				GCC_WARN_UNINITIALIZED_AUTOS = YES_AGGRESSIVE;
				GCC_WARN_UNUSED_FUNCTION = YES;
				GCC_WARN_UNUSED_VARIABLE = YES;
				IPHONEOS_DEPLOYMENT_TARGET = 8.3;
				MTL_ENABLE_DEBUG_INFO = YES;
				ONLY_ACTIVE_ARCH = YES;
				SDKROOT = iphoneos;
			};
			name = Debug;
		};
		85ED15E91B0149E600B71033 /* Release */ = {
			isa = XCBuildConfiguration;
			buildSettings = {
				ALWAYS_SEARCH_USER_PATHS = NO;
				CLANG_CXX_LANGUAGE_STANDARD = "gnu++0x";
				CLANG_CXX_LIBRARY = "libc++";
				CLANG_ENABLE_MODULES = YES;
				CLANG_ENABLE_OBJC_ARC = YES;
				CLANG_WARN_BOOL_CONVERSION = YES;
				CLANG_WARN_CONSTANT_CONVERSION = YES;
				CLANG_WARN_DIRECT_OBJC_ISA_USAGE = YES_ERROR;
				CLANG_WARN_EMPTY_BODY = YES;
				CLANG_WARN_ENUM_CONVERSION = YES;
				CLANG_WARN_INT_CONVERSION = YES;
				CLANG_WARN_OBJC_ROOT_CLASS = YES_ERROR;
				CLANG_WARN_UNREACHABLE_CODE = YES;
				CLANG_WARN__DUPLICATE_METHOD_MATCH = YES;
				"CODE_SIGN_IDENTITY[sdk=iphoneos*]" = "iPhone Developer";
				COPY_PHASE_STRIP = NO;
				DEBUG_INFORMATION_FORMAT = "dwarf-with-dsym";
				ENABLE_NS_ASSERTIONS = NO;
				ENABLE_STRICT_OBJC_MSGSEND = YES;
				GCC_C_LANGUAGE_STANDARD = gnu99;
				GCC_NO_COMMON_BLOCKS = YES;
				GCC_WARN_64_TO_32_BIT_CONVERSION = YES;
				GCC_WARN_ABOUT_RETURN_TYPE = YES_ERROR;
				GCC_WARN_UNDECLARED_SELECTOR = YES;
				GCC_WARN_UNINITIALIZED_AUTOS = YES_AGGRESSIVE;
				GCC_WARN_UNUSED_FUNCTION = YES;
				GCC_WARN_UNUSED_VARIABLE = YES;
				IPHONEOS_DEPLOYMENT_TARGET = 8.3;
				MTL_ENABLE_DEBUG_INFO = NO;
				SDKROOT = iphoneos;
				VALIDATE_PRODUCT = YES;
			};
			name = Release;
		};
		85ED15EB1B0149E600B71033 /* Debug */ = {
			isa = XCBuildConfiguration;
			buildSettings = {
				ASSETCATALOG_COMPILER_APPICON_NAME = AppIcon;
				INFOPLIST_FILE = RPNCalc/Info.plist;
				LD_RUNPATH_SEARCH_PATHS = "$(inherited) @executable_path/Frameworks";
				PRODUCT_NAME = "$(TARGET_NAME)";
			};
			name = Debug;
		};
		85ED15EC1B0149E600B71033 /* Release */ = {
			isa = XCBuildConfiguration;
			buildSettings = {
				ASSETCATALOG_COMPILER_APPICON_NAME = AppIcon;
				INFOPLIST_FILE = RPNCalc/Info.plist;
				LD_RUNPATH_SEARCH_PATHS = "$(inherited) @executable_path/Frameworks";
				PRODUCT_NAME = "$(TARGET_NAME)";
			};
			name = Release;
		};
		85ED15EE1B0149E600B71033 /* Debug */ = {
			isa = XCBuildConfiguration;
			buildSettings = {
				BUNDLE_LOADER = "$(TEST_HOST)";
				FRAMEWORK_SEARCH_PATHS = (
					"$(SDKROOT)/Developer/Library/Frameworks",
					"$(inherited)",
				);
				GCC_PREPROCESSOR_DEFINITIONS = (
					"DEBUG=1",
					"$(inherited)",
				);
				INFOPLIST_FILE = RPNCalcTests/Info.plist;
				LD_RUNPATH_SEARCH_PATHS = "$(inherited) @executable_path/Frameworks @loader_path/Frameworks";
				PRODUCT_NAME = "$(TARGET_NAME)";
				TEST_HOST = "$(BUILT_PRODUCTS_DIR)/RPNCalc.app/RPNCalc";
			};
			name = Debug;
		};
		85ED15EF1B0149E600B71033 /* Release */ = {
			isa = XCBuildConfiguration;
			buildSettings = {
				BUNDLE_LOADER = "$(TEST_HOST)";
				FRAMEWORK_SEARCH_PATHS = (
					"$(SDKROOT)/Developer/Library/Frameworks",
					"$(inherited)",
				);
				INFOPLIST_FILE = RPNCalcTests/Info.plist;
				LD_RUNPATH_SEARCH_PATHS = "$(inherited) @executable_path/Frameworks @loader_path/Frameworks";
				PRODUCT_NAME = "$(TARGET_NAME)";
				TEST_HOST = "$(BUILT_PRODUCTS_DIR)/RPNCalc.app/RPNCalc";
			};
			name = Release;
		};
/* End XCBuildConfiguration section */

/* Begin XCConfigurationList section */
		85ED15C21B0149E600B71033 /* Build configuration list for PBXProject "RPNCalc" */ = {
			isa = XCConfigurationList;
			buildConfigurations = (
				85ED15E81B0149E600B71033 /* Debug */,
				85ED15E91B0149E600B71033 /* Release */,
			);
			defaultConfigurationIsVisible = 0;
			defaultConfigurationName = Release;
		};
		85ED15EA1B0149E600B71033 /* Build configuration list for PBXNativeTarget "RPNCalc" */ = {
			isa = XCConfigurationList;
			buildConfigurations = (
				85ED15EB1B0149E600B71033 /* Debug */,
				85ED15EC1B0149E600B71033 /* Release */,
			);
			defaultConfigurationIsVisible = 0;
		};
		85ED15ED1B0149E600B71033 /* Build configuration list for PBXNativeTarget "RPNCalcTests" */ = {
			isa = XCConfigurationList;
			buildConfigurations = (
				85ED15EE1B0149E600B71033 /* Debug */,
				85ED15EF1B0149E600B71033 /* Release */,
			);
			defaultConfigurationIsVisible = 0;
		};
/* End XCConfigurationList section */
	};
	rootObject = 85ED15BF1B0149E600B71033 /* Project object */;
}
